
Microsoft Visual Studio Solution File, Format Version 12.00
# Visual Studio Version 17
VisualStudioVersion = 17.3.32922.545
MinimumVisualStudioVersion = 10.0.40219.1
Project("{FAE04EC0-301F-11D3-BF4B-00C04F79EFBC}") = "Change_Position", "Change_Position.csproj", "{5880752A-4FDA-4C60-9741-82E584AD463F}"
EndProject
Global
	GlobalSection(SolutionConfigurationPlatforms) = preSolution
		Debug|Any CPU = Debug|Any CPU
		Release|Any CPU = Release|Any CPU
	EndGlobalSection
	GlobalSection(ProjectConfigurationPlatforms) = postSolution
		{5880752A-4FDA-4C60-9741-82E584AD463F}.Debug|Any CPU.ActiveCfg = Debug|Any CPU
		{5880752A-4FDA-4C60-9741-82E584AD463F}.Debug|Any CPU.Build.0 = Debug|Any CPU
		{5880752A-4FDA-4C60-9741-82E584AD463F}.Release|Any CPU.ActiveCfg = Release|Any CPU
		{5880752A-4FDA-4C60-9741-82E584AD463F}.Release|Any CPU.Build.0 = Release|Any CPU
	EndGlobalSection
	GlobalSection(SolutionProperties) = preSolution
		HideSolutionNode = FALSE
	EndGlobalSection
	GlobalSection(ExtensibilityGlobals) = postSolution
		SolutionGuid = {23A039F2-671C-4319-9678-1F5482B24B73}
	EndGlobalSection
EndGlobal
